
Microsoft Visual Studio Solution File, Format Version 12.00
# Visual Studio Version 17
VisualStudioVersion = 17.14.36518.9 d17.14
MinimumVisualStudioVersion = 10.0.40219.1
Project("{FAE04EC0-301F-11D3-BF4B-00C04F79EFBC}") = "FirstDesktopApp", "FirstDesktopApp.csproj", "{8C763611-5BEF-AEEF-1986-821412C2B20D}"
EndProject
Global
	GlobalSection(SolutionConfigurationPlatforms) = preSolution
		Debug|Any CPU = Debug|Any CPU
		Release|Any CPU = Release|Any CPU
	EndGlobalSection
	GlobalSection(ProjectConfigurationPlatforms) = postSolution
		{8C763611-5BEF-AEEF-1986-821412C2B20D}.Debug|Any CPU.ActiveCfg = Debug|Any CPU
		{8C763611-5BEF-AEEF-1986-821412C2B20D}.Debug|Any CPU.Build.0 = Debug|Any CPU
		{8C763611-5BEF-AEEF-1986-821412C2B20D}.Release|Any CPU.ActiveCfg = Release|Any CPU
		{8C763611-5BEF-AEEF-1986-821412C2B20D}.Release|Any CPU.Build.0 = Release|Any CPU
	EndGlobalSection
	GlobalSection(SolutionProperties) = preSolution
		HideSolutionNode = FALSE
	EndGlobalSection
	GlobalSection(ExtensibilityGlobals) = postSolution
		SolutionGuid = {8F28D090-933A-45F6-8799-B00F460178C2}
	EndGlobalSection
EndGlobal
